
Microsoft Visual Studio Solution File, Format Version 12.00
# Visual Studio Version 16
VisualStudioVersion = 16.0.29503.13
MinimumVisualStudioVersion = 10.0.40219.1
Project("{FAE04EC0-301F-11D3-BF4B-00C04F79EFBC}") = "Slijterij Sjonnie", "Slijterij Sjonnie\Slijterij Sjonnie.csproj", "{1D8F3265-2614-4654-ACB5-32912EAF53DD}"
EndProject
Global
	GlobalSection(SolutionConfigurationPlatforms) = preSolution
		Debug|Any CPU = Debug|Any CPU
		Release|Any CPU = Release|Any CPU
	EndGlobalSection
	GlobalSection(ProjectConfigurationPlatforms) = postSolution
		{1D8F3265-2614-4654-ACB5-32912EAF53DD}.Debug|Any CPU.ActiveCfg = Debug|Any CPU
		{1D8F3265-2614-4654-ACB5-32912EAF53DD}.Debug|Any CPU.Build.0 = Debug|Any CPU
		{1D8F3265-2614-4654-ACB5-32912EAF53DD}.Release|Any CPU.ActiveCfg = Release|Any CPU
		{1D8F3265-2614-4654-ACB5-32912EAF53DD}.Release|Any CPU.Build.0 = Release|Any CPU
	EndGlobalSection
	GlobalSection(SolutionProperties) = preSolution
		HideSolutionNode = FALSE
	EndGlobalSection
	GlobalSection(ExtensibilityGlobals) = postSolution
		SolutionGuid = {818578A8-660A-4833-BE90-74E944946B52}
	EndGlobalSection
EndGlobal
